
Microsoft Visual Studio Solution File, Format Version 12.00
# Visual Studio Version 17
VisualStudioVersion = 17.5.33530.505
MinimumVisualStudioVersion = 10.0.40219.1
Project("{FAE04EC0-301F-11D3-BF4B-00C04F79EFBC}") = "LINQ-Avance.NET", "LINQ-Avance.NET.csproj", "{EB3A590C-8054-49B9-B898-78D308C69992}"
EndProject
Global
	GlobalSection(SolutionConfigurationPlatforms) = preSolution
		Debug|Any CPU = Debug|Any CPU
		Release|Any CPU = Release|Any CPU
	EndGlobalSection
	GlobalSection(ProjectConfigurationPlatforms) = postSolution
		{EB3A590C-8054-49B9-B898-78D308C69992}.Debug|Any CPU.ActiveCfg = Debug|Any CPU
		{EB3A590C-8054-49B9-B898-78D308C69992}.Debug|Any CPU.Build.0 = Debug|Any CPU
		{EB3A590C-8054-49B9-B898-78D308C69992}.Release|Any CPU.ActiveCfg = Release|Any CPU
		{EB3A590C-8054-49B9-B898-78D308C69992}.Release|Any CPU.Build.0 = Release|Any CPU
	EndGlobalSection
	GlobalSection(SolutionProperties) = preSolution
		HideSolutionNode = FALSE
	EndGlobalSection
	GlobalSection(ExtensibilityGlobals) = postSolution
		SolutionGuid = {CB57A9A3-5027-4823-874B-060F3B8E7406}
	EndGlobalSection
EndGlobal
